# This file was autogenerated by Stack.
# You should not edit this file by hand.
# For more information, please see the documentation at:
#   https://docs.haskellstack.org/en/stable/lock_files

packages:
- completed:
    hackage: unix-memory-0.1.2@sha256:601231a46e84088103190a156c1919573237317e7d4f775cd555c54356e0e2c4,1269
    pantry-tree:
      size: 322
      sha256: 50912d2ac162c8fab4243c9d73b8a2adb3bb609fbe13853bb8396c7e7b3b87e2
  original:
    hackage: unix-memory-0.1.2
- completed:
    hackage: data-sketches-0.3.0.0@sha256:625c2da724f7a47a16996c2dff3fb5e04f1dd1227d717e8e25ef70436673db01,3531
    pantry-tree:
      size: 1782
      sha256: 9ecfc760c90bb5fb39d6365a3effbd81be524eada21931ce96ae10477bd50711
  original:
    hackage: data-sketches-0.3.0.0
snapshots:
- completed:
    size: 585817
    url: https://raw.githubusercontent.com/commercialhaskell/stackage-snapshots/master/lts/18/5.yaml
    sha256: 22d24d0dacad9c1450b9a174c28d203f9bb482a2a8da9710a2f2a9f4afee2887
  original: lts-18.5
